<?xml version="1.0" encoding="utf-8"?>
<Project ToolsVersion="4.0" xmlns="http://schemas.microsoft.com/developer/msbuild/2003">
  <ItemGroup>
    <Filter Include="源文件">
      <UniqueIdentifier>{4FC737F1-C7A5-4376-A066-2A32D752A2FF}</UniqueIdentifier>
      <Extensions>cpp;c;cc;cxx;def;odl;idl;hpj;bat;asm;asmx</Extensions>
    </Filter>
    <Filter Include="头文件">
      <UniqueIdentifier>{93995380-89BD-4b04-88EB-625FBE52EBFB}</UniqueIdentifier>
      <Extensions>h;hpp;hxx;hm;inl;inc;xsd</Extensions>
    </Filter>
    <Filter Include="资源文件">
      <UniqueIdentifier>{67DA6AB6-F800-4c08-8B7A-83BB121AAD01}</UniqueIdentifier>
      <Extensions>rc;ico;cur;bmp;dlg;rc2;rct;bin;rgs;gif;jpg;jpeg;jpe;resx;tiff;tif;png;wav;mfcribbon-ms</Extensions>
    </Filter>
    <Filter Include="头文件\base">
      <UniqueIdentifier>{15633974-ce19-49a4-b0d7-11f5e00022df}</UniqueIdentifier>
    </Filter>
    <Filter Include="头文件\base_device">
      <UniqueIdentifier>{256a9133-f6a9-43d9-8218-3dafce2c3eb6}</UniqueIdentifier>
    </Filter>
    <Filter Include="头文件\container">
      <UniqueIdentifier>{8b363d7b-e526-4912-937d-815510f2aa24}</UniqueIdentifier>
    </Filter>
    <Filter Include="头文件\device">
      <UniqueIdentifier>{a84f2bdd-08cc-438d-81a8-9853673775df}</UniqueIdentifier>
    </Filter>
    <Filter Include="头文件\device\idcard">
      <UniqueIdentifier>{d6639be2-d614-43a5-8d20-ea8d47612226}</UniqueIdentifier>
    </Filter>
    <Filter Include="头文件\src">
      <UniqueIdentifier>{f62b2bb0-2841-4722-90d5-236978bde961}</UniqueIdentifier>
    </Filter>
    <Filter Include="头文件\src\base">
      <UniqueIdentifier>{6e77de49-0d4a-4039-a528-21ecdcf1a747}</UniqueIdentifier>
    </Filter>
    <Filter Include="头文件\device\magnetic">
      <UniqueIdentifier>{40cbf15a-edbe-4a16-a569-4c53e1c220b4}</UniqueIdentifier>
    </Filter>
    <Filter Include="头文件\extension">
      <UniqueIdentifier>{f35b77bb-5c5b-46d0-8528-40d0ae5371a3}</UniqueIdentifier>
    </Filter>
    <Filter Include="头文件\extension\ability">
      <UniqueIdentifier>{34a77ac3-c8f7-4bae-81f3-b31153be8242}</UniqueIdentifier>
    </Filter>
    <Filter Include="头文件\extension\special">
      <UniqueIdentifier>{d93fe671-a0ad-4ee4-a764-2cbf574b77af}</UniqueIdentifier>
    </Filter>
    <Filter Include="头文件\include">
      <UniqueIdentifier>{c12c389d-77fd-458b-9379-592dca28ce8a}</UniqueIdentifier>
    </Filter>
    <Filter Include="头文件\src\base_device">
      <UniqueIdentifier>{b1b646a2-d599-4061-8248-46f21758a4bd}</UniqueIdentifier>
    </Filter>
    <Filter Include="头文件\src\container">
      <UniqueIdentifier>{0dc6c5df-da2d-432a-8906-3e37571d6a42}</UniqueIdentifier>
    </Filter>
    <Filter Include="头文件\src\device">
      <UniqueIdentifier>{363437e4-0daf-4710-9ff1-4bcb1e26f1c7}</UniqueIdentifier>
    </Filter>
    <Filter Include="头文件\base_device\linux">
      <UniqueIdentifier>{3b6b01e8-25a0-401f-91fa-4481d15e168a}</UniqueIdentifier>
    </Filter>
    <Filter Include="头文件\src\base_device\win32">
      <UniqueIdentifier>{dbf0c8f4-b14e-4037-9d5c-e9bec9999123}</UniqueIdentifier>
    </Filter>
    <Filter Include="头文件\src\base_device\linux">
      <UniqueIdentifier>{867c1ac1-e761-4102-b827-f13466d0eac8}</UniqueIdentifier>
    </Filter>
    <Filter Include="头文件\application">
      <UniqueIdentifier>{a1571271-f3a7-4c55-ba00-2412609a39bb}</UniqueIdentifier>
    </Filter>
    <Filter Include="头文件\extension\security">
      <UniqueIdentifier>{78e58256-8977-484c-895b-412ef3818069}</UniqueIdentifier>
    </Filter>
    <Filter Include="头文件\src\extension">
      <UniqueIdentifier>{13126b9b-be45-4922-bc64-0b5c2da07400}</UniqueIdentifier>
    </Filter>
    <Filter Include="头文件\src\extension\ability">
      <UniqueIdentifier>{e3266e90-e20f-47aa-836d-e5de127170b8}</UniqueIdentifier>
    </Filter>
    <Filter Include="头文件\src\extension\security">
      <UniqueIdentifier>{aa6d349d-3a63-4088-b669-edd0a29cf566}</UniqueIdentifier>
    </Filter>
    <Filter Include="头文件\extension\python">
      <UniqueIdentifier>{11d1d6ab-1e26-4f64-87c6-9f6f227a5041}</UniqueIdentifier>
    </Filter>
    <Filter Include="头文件\extension\ability\logger">
      <UniqueIdentifier>{2925bc02-6c2f-4bd0-9d86-93759ffb899f}</UniqueIdentifier>
    </Filter>
    <Filter Include="头文件\extension\ability\win_helper">
      <UniqueIdentifier>{c0b69b9e-79b6-4527-a5ce-f4928d9032b3}</UniqueIdentifier>
    </Filter>
    <Filter Include="头文件\extension\ability\dev_helper">
      <UniqueIdentifier>{5be78930-dfce-47de-92ce-11a63ac299e0}</UniqueIdentifier>
    </Filter>
    <Filter Include="头文件\device\cmd_adapter">
      <UniqueIdentifier>{0f793734-44cc-4bc7-a608-9719ba833d16}</UniqueIdentifier>
    </Filter>
    <Filter Include="头文件\device\iccard">
      <UniqueIdentifier>{f08be129-cd8a-4d7a-8c98-98e89540760a}</UniqueIdentifier>
    </Filter>
    <Filter Include="头文件\device\iccard\pboc">
      <UniqueIdentifier>{5fa2306f-9875-440c-966a-8b9ff67ef687}</UniqueIdentifier>
    </Filter>
    <Filter Include="头文件\device\iccard\pboc\v1_0">
      <UniqueIdentifier>{72abfe69-8799-4833-997f-93c79822f7a7}</UniqueIdentifier>
    </Filter>
    <Filter Include="头文件\device\iccard\pboc\v2_0">
      <UniqueIdentifier>{46972d86-e6d9-4af9-80a3-31f489a03cb0}</UniqueIdentifier>
    </Filter>
    <Filter Include="头文件\device\iccard\pboc\v3_0">
      <UniqueIdentifier>{18c09ec4-b8ce-4f09-b285-2a08f14ec80a}</UniqueIdentifier>
    </Filter>
    <Filter Include="头文件\device\iccard\pboc\base">
      <UniqueIdentifier>{22974d46-6f10-4e3b-8f28-7506b2904076}</UniqueIdentifier>
    </Filter>
    <Filter Include="头文件\device\iccard\base">
      <UniqueIdentifier>{cd8f73a5-0583-462c-ba80-26e38cc0bab8}</UniqueIdentifier>
    </Filter>
    <Filter Include="头文件\device\iccard\device">
      <UniqueIdentifier>{d5b0360f-67df-44d4-bee1-9670a10fed03}</UniqueIdentifier>
    </Filter>
    <Filter Include="头文件\device\iccard\health_card">
      <UniqueIdentifier>{b8d8ab67-9762-473d-999e-f4bf8d1d4713}</UniqueIdentifier>
    </Filter>
    <Filter Include="头文件\application\pboc">
      <UniqueIdentifier>{d632c0a1-f397-4503-b971-d3a8be984284}</UniqueIdentifier>
    </Filter>
    <Filter Include="头文件\application\tools">
      <UniqueIdentifier>{2c611c0e-d82a-44bd-bdfa-31598ae5feb3}</UniqueIdentifier>
    </Filter>
    <Filter Include="头文件\device\iccard\extension">
      <UniqueIdentifier>{af91ea04-186e-4eb0-98c0-731d1cf66d8a}</UniqueIdentifier>
    </Filter>
    <Filter Include="头文件\device\iccard\extension\device">
      <UniqueIdentifier>{ef27c8cf-089d-4ef7-8333-624d96168a47}</UniqueIdentifier>
    </Filter>
    <Filter Include="头文件\device\iccard\extension\base">
      <UniqueIdentifier>{d7d3f879-1fdd-4fa0-b4b5-698e819be7c4}</UniqueIdentifier>
    </Filter>
    <Filter Include="头文件\extension\security\openssl">
      <UniqueIdentifier>{e82aaa16-4bd3-4b22-a5ed-cb02a50e272b}</UniqueIdentifier>
    </Filter>
    <Filter Include="头文件\device\pinpad">
      <UniqueIdentifier>{843028c0-96f0-4f5e-85c5-bbc9596777d9}</UniqueIdentifier>
    </Filter>
    <Filter Include="头文件\application\idcard">
      <UniqueIdentifier>{15078ef3-4672-4b33-926c-d4c8b2050e31}</UniqueIdentifier>
    </Filter>
    <Filter Include="头文件\application\iccard">
      <UniqueIdentifier>{c728ac91-a271-4352-83a9-4fad1338f66a}</UniqueIdentifier>
    </Filter>
    <Filter Include="头文件\application\pinpad">
      <UniqueIdentifier>{a5a5f03b-b62c-4315-aeed-8a80e2c84726}</UniqueIdentifier>
    </Filter>
    <Filter Include="头文件\application\updater">
      <UniqueIdentifier>{e465d78a-8e8d-44ac-ab6f-cf5c9ff12495}</UniqueIdentifier>
    </Filter>
    <Filter Include="头文件\application\test_frame">
      <UniqueIdentifier>{73d8e00e-0f80-478f-a26a-3121cf1d65fa}</UniqueIdentifier>
    </Filter>
    <Filter Include="头文件\application\test_frame\adapter">
      <UniqueIdentifier>{f3b8398d-ad5f-453a-991a-ec294aa0ff38}</UniqueIdentifier>
    </Filter>
    <Filter Include="头文件\application\test_frame\case">
      <UniqueIdentifier>{dddf6526-ba79-4fed-8e43-82fb61fb5cb9}</UniqueIdentifier>
    </Filter>
    <Filter Include="头文件\application\test_frame\container">
      <UniqueIdentifier>{d321f3b2-919e-46d2-a9e2-a402906a1e36}</UniqueIdentifier>
    </Filter>
    <Filter Include="头文件\application\test_frame\linker">
      <UniqueIdentifier>{3eb59142-1074-44ee-9300-0e1c8213dc9b}</UniqueIdentifier>
    </Filter>
    <Filter Include="头文件\xml">
      <UniqueIdentifier>{fb2ac89b-0340-47b7-8f50-1a616a0d9b67}</UniqueIdentifier>
    </Filter>
    <Filter Include="头文件\xml\tinyxml">
      <UniqueIdentifier>{5b8dd855-ae48-4a6f-ac43-7284958e53b1}</UniqueIdentifier>
    </Filter>
    <Filter Include="头文件\extension\boost">
      <UniqueIdentifier>{187f4281-b2ee-46cf-8188-4c5b74ef92d9}</UniqueIdentifier>
    </Filter>
    <Filter Include="头文件\base_device\win32">
      <UniqueIdentifier>{53077d6d-b5ec-4788-898a-7ffe6b70336f}</UniqueIdentifier>
    </Filter>
    <Filter Include="头文件\application\deivce">
      <UniqueIdentifier>{9c96360c-83fd-409a-a200-cba0164b7112}</UniqueIdentifier>
    </Filter>
    <Filter Include="头文件\extension\ability\idcard">
      <UniqueIdentifier>{8e7b00d8-4e64-47d7-bef4-ff21bb1f7a07}</UniqueIdentifier>
    </Filter>
    <Filter Include="头文件\application\test_frame\extension">
      <UniqueIdentifier>{2f76e6bb-c2fc-49d8-916d-af8db94cf4aa}</UniqueIdentifier>
    </Filter>
    <Filter Include="头文件\application\lc">
      <UniqueIdentifier>{73488fd4-058c-4759-bef8-76af8cc7f8ef}</UniqueIdentifier>
    </Filter>
    <Filter Include="头文件\application\lc\src">
      <UniqueIdentifier>{d634760d-647b-4400-9138-eecd67a7dfd4}</UniqueIdentifier>
    </Filter>
    <Filter Include="头文件\application\lc\inc">
      <UniqueIdentifier>{9f16b6b6-cf05-42e0-938b-590e61585692}</UniqueIdentifier>
    </Filter>
    <Filter Include="头文件\application\updater\dev_updater">
      <UniqueIdentifier>{1ea89e3b-e307-4919-8d59-035980e984ea}</UniqueIdentifier>
    </Filter>
    <Filter Include="头文件\application\ios">
      <UniqueIdentifier>{fca0e204-ed24-40c2-996d-5cb22a83be42}</UniqueIdentifier>
    </Filter>
    <Filter Include="头文件\application\driver">
      <UniqueIdentifier>{e60bfa6b-cdb6-4ece-be81-9f09a106724f}</UniqueIdentifier>
    </Filter>
    <Filter Include="头文件\extension\python\pyTest">
      <UniqueIdentifier>{44b240f6-c3ee-4602-a2ed-5775f22d31ad}</UniqueIdentifier>
    </Filter>
  </ItemGroup>
  <ItemGroup>
    <ClInclude Include="..\zhou_yb\base\ByteBuilder.h">
      <Filter>头文件\base</Filter>
    </ClInclude>
    <ClInclude Include="..\zhou_yb\base\Convert.h">
      <Filter>头文件\base</Filter>
    </ClInclude>
    <ClInclude Include="..\zhou_yb\base\Define.h">
      <Filter>头文件\base</Filter>
    </ClInclude>
    <ClInclude Include="..\zhou_yb\base\DevBehavior.h">
      <Filter>头文件\base</Filter>
    </ClInclude>
    <ClInclude Include="..\zhou_yb\base\DevDefine.h">
      <Filter>头文件\base</Filter>
    </ClInclude>
    <ClInclude Include="..\zhou_yb\base\Logger.h">
      <Filter>头文件\base</Filter>
    </ClInclude>
    <ClInclude Include="..\zhou_yb\container\allocator.h">
      <Filter>头文件\container</Filter>
    </ClInclude>
    <ClInclude Include="..\zhou_yb\container\list.h">
      <Filter>头文件\container</Filter>
    </ClInclude>
    <ClInclude Include="..\zhou_yb\include\Base.h">
      <Filter>头文件\include</Filter>
    </ClInclude>
    <ClInclude Include="..\zhou_yb\include\BaseDevice.h">
      <Filter>头文件\include</Filter>
    </ClInclude>
    <ClInclude Include="..\zhou_yb\include\Container.h">
      <Filter>头文件\include</Filter>
    </ClInclude>
    <ClInclude Include="..\zhou_yb\include\Device.h">
      <Filter>头文件\include</Filter>
    </ClInclude>
    <ClInclude Include="..\zhou_yb\include\Extension.h">
      <Filter>头文件\include</Filter>
    </ClInclude>
    <ClInclude Include="..\zhou_yb\include\SrcGlobal.h">
      <Filter>头文件\include</Filter>
    </ClInclude>
    <ClInclude Include="..\zhou_yb\zhouyb_lib.h">
      <Filter>头文件</Filter>
    </ClInclude>
    <ClInclude Include="..\zhou_yb\container\container_helper.h">
      <Filter>头文件\container</Filter>
    </ClInclude>
    <ClInclude Include="..\zhou_yb\container\property_tree.h">
      <Filter>头文件\container</Filter>
    </ClInclude>
    <ClInclude Include="..\zhou_yb\src\SrcBase.h">
      <Filter>头文件\src</Filter>
    </ClInclude>
    <ClInclude Include="..\zhou_yb\src\SrcBaseDevice.h">
      <Filter>头文件\src</Filter>
    </ClInclude>
    <ClInclude Include="..\zhou_yb\src\SrcContainer.h">
      <Filter>头文件\src</Filter>
    </ClInclude>
    <ClInclude Include="..\zhou_yb\src\SrcDevice.h">
      <Filter>头文件\src</Filter>
    </ClInclude>
    <ClInclude Include="..\zhou_yb\base_device\linux\HidDevice.h">
      <Filter>头文件\base_device\linux</Filter>
    </ClInclude>
    <ClInclude Include="..\zhou_yb\base_device\linux\UsbDevice.h">
      <Filter>头文件\base_device\linux</Filter>
    </ClInclude>
    <ClInclude Include="..\zhou_yb\base_device\CCID_Device.h">
      <Filter>头文件\base_device</Filter>
    </ClInclude>
    <ClInclude Include="..\zhou_yb\extension\special\AutoAdapter.h">
      <Filter>头文件\extension\special</Filter>
    </ClInclude>
    <ClInclude Include="..\zhou_yb\extension\special\AdapterDevice.h">
      <Filter>头文件\extension\special</Filter>
    </ClInclude>
    <ClInclude Include="..\zhou_yb\extension\ability\SharedDevice.h">
      <Filter>头文件\extension\ability</Filter>
    </ClInclude>
    <ClInclude Include="..\zhou_yb\src\SrcExtension.h">
      <Filter>头文件\src</Filter>
    </ClInclude>
    <ClInclude Include="..\zhou_yb\base\Timer.h">
      <Filter>头文件\base</Filter>
    </ClInclude>
    <ClInclude Include="..\zhou_yb\extension\python\py_ICCardDevice.h">
      <Filter>头文件\extension\python</Filter>
    </ClInclude>
    <ClInclude Include="..\zhou_yb\device\idcard\IDCardCharsetConvert.h">
      <Filter>头文件\device\idcard</Filter>
    </ClInclude>
    <ClInclude Include="..\zhou_yb\extension\ability\logger\StringCallBackLogger.h">
      <Filter>头文件\extension\ability\logger</Filter>
    </ClInclude>
    <ClInclude Include="..\zhou_yb\extension\ability\logger\StringLogger.h">
      <Filter>头文件\extension\ability\logger</Filter>
    </ClInclude>
    <ClInclude Include="..\zhou_yb\extension\ability\dev_helper\DevHelper.h">
      <Filter>头文件\extension\ability\dev_helper</Filter>
    </ClInclude>
    <ClInclude Include="..\zhou_yb\extension\ability\dev_helper\DevHelperForLinux.h">
      <Filter>头文件\extension\ability\dev_helper</Filter>
    </ClInclude>
    <ClInclude Include="..\zhou_yb\extension\ability\dev_helper\DevHelperForWin32.h">
      <Filter>头文件\extension\ability\dev_helper</Filter>
    </ClInclude>
    <ClInclude Include="..\zhou_yb\extension\ability\dev_helper\LastErrExtractor.h">
      <Filter>头文件\extension\ability\dev_helper</Filter>
    </ClInclude>
    <ClInclude Include="..\zhou_yb\extension\ability\win_helper\WinCCID_EscapeCommandHelper.h">
      <Filter>头文件\extension\ability\win_helper</Filter>
    </ClInclude>
    <ClInclude Include="..\zhou_yb\extension\ability\win_helper\WinHelper.h">
      <Filter>头文件\extension\ability\win_helper</Filter>
    </ClInclude>
    <ClInclude Include="..\zhou_yb\extension\ability\win_helper\WinRegistryKey.h">
      <Filter>头文件\extension\ability\win_helper</Filter>
    </ClInclude>
    <ClInclude Include="..\zhou_yb\extension\ability\win_helper\WmiInvoker.h">
      <Filter>头文件\extension\ability\win_helper</Filter>
    </ClInclude>
    <ClInclude Include="..\zhou_yb\device\iccard\pboc\v1_0\PBOC_v1_0_CMD.h">
      <Filter>头文件\device\iccard\pboc\v1_0</Filter>
    </ClInclude>
    <ClInclude Include="..\zhou_yb\application\pboc\pboc_app.h">
      <Filter>头文件\application\pboc</Filter>
    </ClInclude>
    <ClInclude Include="..\zhou_yb\device\iccard\pboc\v2_0\PBOC_v2_0_CMD.h">
      <Filter>头文件\device\iccard\pboc\v2_0</Filter>
    </ClInclude>
    <ClInclude Include="..\zhou_yb\device\iccard\pboc\v2_0\PBOC_v2_0_TagMap.h">
      <Filter>头文件\device\iccard\pboc\v2_0</Filter>
    </ClInclude>
    <ClInclude Include="..\zhou_yb\device\iccard\pboc\v2_0\PBOC_v2_0_Library.h">
      <Filter>头文件\device\iccard\pboc\v2_0</Filter>
    </ClInclude>
    <ClInclude Include="..\zhou_yb\device\iccard\pboc\v2_0\PBOC_v2_0_AppAdapter.h">
      <Filter>头文件\device\iccard\pboc\v2_0</Filter>
    </ClInclude>
    <ClInclude Include="..\zhou_yb\device\iccard\pboc\v1_0\PBOC_v1_0_AppAdapter.h">
      <Filter>头文件\device\iccard\pboc\v1_0</Filter>
    </ClInclude>
    <ClInclude Include="..\zhou_yb\device\iccard\pboc\v3_0\PBOC_v3_0_AppAdapter.h">
      <Filter>头文件\device\iccard\pboc\v3_0</Filter>
    </ClInclude>
    <ClInclude Include="..\zhou_yb\device\iccard\pboc\v3_0\PBOC_v3_0_CMD.h">
      <Filter>头文件\device\iccard\pboc\v3_0</Filter>
    </ClInclude>
    <ClInclude Include="..\zhou_yb\device\cmd_adapter\ComICCardCmdAdapter.h">
      <Filter>头文件\device\cmd_adapter</Filter>
    </ClInclude>
    <ClInclude Include="..\zhou_yb\device\cmd_adapter\StreamCmdAdapter.h">
      <Filter>头文件\device\cmd_adapter</Filter>
    </ClInclude>
    <ClInclude Include="..\zhou_yb\device\iccard\base\ICCardCmd.h">
      <Filter>头文件\device\iccard\base</Filter>
    </ClInclude>
    <ClInclude Include="..\zhou_yb\device\iccard\base\ICCardLibrary.h">
      <Filter>头文件\device\iccard\base</Filter>
    </ClInclude>
    <ClInclude Include="..\zhou_yb\device\iccard\device\CCID_StorageCardDevAdapter.h">
      <Filter>头文件\device\iccard\device</Filter>
    </ClInclude>
    <ClInclude Include="..\zhou_yb\device\iccard\device\ComICCardDevAdapter.h">
      <Filter>头文件\device\iccard\device</Filter>
    </ClInclude>
    <ClInclude Include="..\zhou_yb\device\iccard\device\ComStorageCardDevAdapter.h">
      <Filter>头文件\device\iccard\device</Filter>
    </ClInclude>
    <ClInclude Include="..\zhou_yb\device\iccard\pboc\v1_0\PBOC_v1_0_Library.h">
      <Filter>头文件\device\iccard\pboc\v1_0</Filter>
    </ClInclude>
    <ClInclude Include="..\zhou_yb\device\iccard\health_card\HealthCardAppAdapter.h">
      <Filter>头文件\device\iccard\health_card</Filter>
    </ClInclude>
    <ClInclude Include="..\zhou_yb\device\iccard\base\ICCardAppAdapter.h">
      <Filter>头文件\device\iccard\base</Filter>
    </ClInclude>
    <ClInclude Include="..\zhou_yb\device\iccard\extension\device\CCID_AT88SC102.h">
      <Filter>头文件\device\iccard\extension\device</Filter>
    </ClInclude>
    <ClInclude Include="..\zhou_yb\device\iccard\extension\device\CCID_AT88SC1608.h">
      <Filter>头文件\device\iccard\extension\device</Filter>
    </ClInclude>
    <ClInclude Include="..\zhou_yb\device\iccard\extension\device\CCID_Mifare1Card.h">
      <Filter>头文件\device\iccard\extension\device</Filter>
    </ClInclude>
    <ClInclude Include="..\zhou_yb\device\iccard\extension\device\CCID_SLE4428.h">
      <Filter>头文件\device\iccard\extension\device</Filter>
    </ClInclude>
    <ClInclude Include="..\zhou_yb\device\iccard\extension\device\CCID_SLE4442.h">
      <Filter>头文件\device\iccard\extension\device</Filter>
    </ClInclude>
    <ClInclude Include="..\zhou_yb\device\iccard\extension\base\IMemoryCard.h">
      <Filter>头文件\device\iccard\extension\base</Filter>
    </ClInclude>
    <ClInclude Include="..\zhou_yb\device\iccard\extension\device\ComAT88SC102.h">
      <Filter>头文件\device\iccard\extension\device</Filter>
    </ClInclude>
    <ClInclude Include="..\zhou_yb\device\iccard\extension\device\ComMifare1Card.h">
      <Filter>头文件\device\iccard\extension\device</Filter>
    </ClInclude>
    <ClInclude Include="..\zhou_yb\device\iccard\extension\device\ComSLE4428.h">
      <Filter>头文件\device\iccard\extension\device</Filter>
    </ClInclude>
    <ClInclude Include="..\zhou_yb\device\iccard\extension\device\ComSLE4442.h">
      <Filter>头文件\device\iccard\extension\device</Filter>
    </ClInclude>
    <ClInclude Include="..\zhou_yb\extension\security\openssl\OpenSSL_Base.h">
      <Filter>头文件\extension\security\openssl</Filter>
    </ClInclude>
    <ClInclude Include="..\zhou_yb\device\pinpad\device\DesPinDevAdapter.h">
      <Filter>头文件\device\pinpad</Filter>
    </ClInclude>
    <ClInclude Include="..\zhou_yb\device\pinpad\device\HashPinDevAdapter.h">
      <Filter>头文件\device\pinpad</Filter>
    </ClInclude>
    <ClInclude Include="..\zhou_yb\device\pinpad\device\PinDevAdapter.h">
      <Filter>头文件\device\pinpad</Filter>
    </ClInclude>
    <ClInclude Include="..\zhou_yb\device\pinpad\device\RsaPinDevAdapter.h">
      <Filter>头文件\device\pinpad</Filter>
    </ClInclude>
    <ClInclude Include="..\zhou_yb\device\pinpad\device\Sm2_PinDevAdapter.h">
      <Filter>头文件\device\pinpad</Filter>
    </ClInclude>
    <ClInclude Include="..\zhou_yb\device\pinpad\device\Sm4_PinDevAdapter.h">
      <Filter>头文件\device\pinpad</Filter>
    </ClInclude>
    <ClInclude Include="..\zhou_yb\device\cmd_adapter\PinDevCmdAdapter.h">
      <Filter>头文件\device\cmd_adapter</Filter>
    </ClInclude>
    <ClInclude Include="..\zhou_yb\base_device\linux\ComDevice.h">
      <Filter>头文件\base_device\linux</Filter>
    </ClInclude>
    <ClInclude Include="..\zhou_yb\base_device\linux\FileDevice.h">
      <Filter>头文件\base_device\linux</Filter>
    </ClInclude>
    <ClInclude Include="..\zhou_yb\device\idcard\ISdtApi.h">
      <Filter>头文件\device\idcard</Filter>
    </ClInclude>
    <ClInclude Include="..\zhou_yb\device\idcard\SdtApiDevAdapter.h">
      <Filter>头文件\device\idcard</Filter>
    </ClInclude>
    <ClInclude Include="..\zhou_yb\device\idcard\IDCardParser.h">
      <Filter>头文件\device\idcard</Filter>
    </ClInclude>
    <ClInclude Include="..\zhou_yb\extension\ability\TextPrinter.h">
      <Filter>头文件\extension\ability</Filter>
    </ClInclude>
    <ClInclude Include="..\zhou_yb\application\test_frame\case\AT88SC102_TestCase.h">
      <Filter>头文件\application\test_frame\case</Filter>
    </ClInclude>
    <ClInclude Include="..\zhou_yb\application\test_frame\TestFrame.h">
      <Filter>头文件\application\test_frame</Filter>
    </ClInclude>
    <ClInclude Include="..\zhou_yb\application\test_frame\case\ICC_TestCase.h">
      <Filter>头文件\application\test_frame\case</Filter>
    </ClInclude>
    <ClInclude Include="..\zhou_yb\application\test_frame\adapter\ICCardTestAdapter.h">
      <Filter>头文件\application\test_frame\adapter</Filter>
    </ClInclude>
    <ClInclude Include="..\zhou_yb\container\object.h">
      <Filter>头文件\container</Filter>
    </ClInclude>
    <ClInclude Include="..\zhou_yb\container\ini.h">
      <Filter>头文件\container</Filter>
    </ClInclude>
    <ClInclude Include="..\zhou_yb\extension\security\DES_Provider.h">
      <Filter>头文件\extension\security</Filter>
    </ClInclude>
    <ClInclude Include="..\zhou_yb\extension\security\MD5_Provider.h">
      <Filter>头文件\extension\security</Filter>
    </ClInclude>
    <ClInclude Include="..\zhou_yb\extension\security\Base64_Provider.h">
      <Filter>头文件\extension\security</Filter>
    </ClInclude>
    <ClInclude Include="..\zhou_yb\extension\security\openssl\RSA_Provider.h">
      <Filter>头文件\extension\security\openssl</Filter>
    </ClInclude>
    <ClInclude Include="..\zhou_yb\extension\security\Key_Provider.h">
      <Filter>头文件\extension\security</Filter>
    </ClInclude>
    <ClInclude Include="..\zhou_yb\extension\security\PBOC_Provider.h">
      <Filter>头文件\extension\security</Filter>
    </ClInclude>
    <ClInclude Include="..\zhou_yb\extension\security\SM3_Provider.h">
      <Filter>头文件\extension\security</Filter>
    </ClInclude>
    <ClInclude Include="..\zhou_yb\extension\security\SM4_Provider.h">
      <Filter>头文件\extension\security</Filter>
    </ClInclude>
    <ClInclude Include="..\zhou_yb\extension\security\openssl\SM2_Provider.h">
      <Filter>头文件\extension\security\openssl</Filter>
    </ClInclude>
    <ClInclude Include="..\zhou_yb\application\test_frame\linker\CCID_TestLinker.h">
      <Filter>头文件\application\test_frame\linker</Filter>
    </ClInclude>
    <ClInclude Include="..\zhou_yb\application\test_frame\adapter\CCID_ICC_TestAdapter.h">
      <Filter>头文件\application\test_frame\adapter</Filter>
    </ClInclude>
    <ClInclude Include="..\zhou_yb\application\test_frame\linker\WinHidTestLinker.h">
      <Filter>头文件\application\test_frame\linker</Filter>
    </ClInclude>
    <ClInclude Include="..\zhou_yb\application\test_frame\case\MagTestCase.h">
      <Filter>头文件\application\test_frame\case</Filter>
    </ClInclude>
    <ClInclude Include="..\zhou_yb\application\test_frame\linker\WinFileTestLinker.h">
      <Filter>头文件\application\test_frame\linker</Filter>
    </ClInclude>
    <ClInclude Include="..\zhou_yb\application\test_frame\case\ISdtApiTestCase.h">
      <Filter>头文件\application\test_frame\case</Filter>
    </ClInclude>
    <ClInclude Include="..\zhou_yb\application\test_frame\adapter\ISdtApiTestAdapter.h">
      <Filter>头文件\application\test_frame\adapter</Filter>
    </ClInclude>
    <ClInclude Include="..\zhou_yb\application\test_frame\container\HidICC_TestContainer.h">
      <Filter>头文件\application\test_frame\container</Filter>
    </ClInclude>
    <ClInclude Include="..\zhou_yb\extension\security\security.h">
      <Filter>头文件\extension\security</Filter>
    </ClInclude>
    <ClInclude Include="..\zhou_yb\xml\tinyxml\tinystr.h">
      <Filter>头文件\xml\tinyxml</Filter>
    </ClInclude>
    <ClInclude Include="..\zhou_yb\xml\tinyxml\tinyxml.h">
      <Filter>头文件\xml\tinyxml</Filter>
    </ClInclude>
    <ClInclude Include="..\zhou_yb\xml\xml_extractor.h">
      <Filter>头文件\xml</Filter>
    </ClInclude>
    <ClInclude Include="..\zhou_yb\extension\ability\win_helper\WinTestHelper.h">
      <Filter>头文件\extension\ability\win_helper</Filter>
    </ClInclude>
    <ClInclude Include="..\zhou_yb\extension\boost\ThreadInterrupter.h">
      <Filter>头文件\extension\boost</Filter>
    </ClInclude>
    <ClInclude Include="..\zhou_yb\extension\ability\StringHelper.h">
      <Filter>头文件\extension\ability</Filter>
    </ClInclude>
    <ClInclude Include="..\zhou_yb\extension\ability\logger\HwndLogger.h">
      <Filter>头文件\extension\ability\logger</Filter>
    </ClInclude>
    <ClInclude Include="..\zhou_yb\base_device\win32\BluetoothDevice.h">
      <Filter>头文件\base_device\win32</Filter>
    </ClInclude>
    <ClInclude Include="..\zhou_yb\application\device\CCID_IC_ReaderDevAdapter.h">
      <Filter>头文件\application\deivce</Filter>
    </ClInclude>
    <ClInclude Include="..\zhou_yb\application\device\ComIC_ReaderDevAdapter.h">
      <Filter>头文件\application\deivce</Filter>
    </ClInclude>
    <ClInclude Include="..\zhou_yb\application\idcard\ICBC_HidIDCardCmdAdapter.h">
      <Filter>头文件\application\idcard</Filter>
    </ClInclude>
    <ClInclude Include="..\zhou_yb\application\pinpad\ICBC_PinPadDevAdapter.h">
      <Filter>头文件\application\pinpad</Filter>
    </ClInclude>
    <ClInclude Include="..\zhou_yb\application\pinpad\PSBC_PinPadDevAdapter.h">
      <Filter>头文件\application\pinpad</Filter>
    </ClInclude>
    <ClInclude Include="..\zhou_yb\extension\ability\idcard\AndroidWltDecoder.h">
      <Filter>头文件\extension\ability\idcard</Filter>
    </ClInclude>
    <ClInclude Include="..\zhou_yb\extension\ability\idcard\WinIDCardImagePrinter.h">
      <Filter>头文件\extension\ability\idcard</Filter>
    </ClInclude>
    <ClInclude Include="..\zhou_yb\extension\ability\idcard\WinSdtApiInvoker.h">
      <Filter>头文件\extension\ability\idcard</Filter>
    </ClInclude>
    <ClInclude Include="..\zhou_yb\extension\ability\idcard\WinWltDecoder.h">
      <Filter>头文件\extension\ability\idcard</Filter>
    </ClInclude>
    <ClInclude Include="..\zhou_yb\extension\ability\IconvCharsetConvert.h">
      <Filter>头文件\extension\ability</Filter>
    </ClInclude>
    <ClInclude Include="..\zhou_yb\extension\ability\win_helper\WinCharsetConvert.h">
      <Filter>头文件\extension\ability\win_helper</Filter>
    </ClInclude>
    <ClInclude Include="..\zhou_yb\xml\xml_src.h">
      <Filter>头文件\xml</Filter>
    </ClInclude>
    <ClInclude Include="..\zhou_yb\extension\ability\win_helper\WinDllHelper.h">
      <Filter>头文件\extension\ability\win_helper</Filter>
    </ClInclude>
    <ClInclude Include="..\zhou_yb\application\test_frame\extension\TestInvoker.h">
      <Filter>头文件\application\test_frame\extension</Filter>
    </ClInclude>
    <ClInclude Include="..\zhou_yb\application\iccard\DllICCardDeviceAdapter.h">
      <Filter>头文件\application\iccard</Filter>
    </ClInclude>
    <ClInclude Include="..\zhou_yb\application\test_frame\linker\WinComTestLinker.h">
      <Filter>头文件\application\test_frame\linker</Filter>
    </ClInclude>
    <ClInclude Include="..\zhou_yb\application\test_frame\container\ComICC_TestContainer.h">
      <Filter>头文件\application\test_frame\container</Filter>
    </ClInclude>
    <ClInclude Include="..\zhou_yb\application\test_frame\case\BaseTestCase.h">
      <Filter>头文件\application\test_frame\case</Filter>
    </ClInclude>
    <ClInclude Include="..\zhou_yb\extension\ability\JniInvoker.h">
      <Filter>头文件\extension\ability</Filter>
    </ClInclude>
    <ClInclude Include="..\zhou_yb\extension\ability\logger\JniStringLogger.h">
      <Filter>头文件\extension\ability\logger</Filter>
    </ClInclude>
    <ClInclude Include="..\zhou_yb\device\magnetic\MagneticDevAdapter.h">
      <Filter>头文件\device\magnetic</Filter>
    </ClInclude>
    <ClInclude Include="..\zhou_yb\base_device\win32\SocketDevice.h">
      <Filter>头文件\base_device\win32</Filter>
    </ClInclude>
    <ClInclude Include="..\zhou_yb\device\cmd_adapter\CommandFilter.h">
      <Filter>头文件\device\cmd_adapter</Filter>
    </ClInclude>
    <ClInclude Include="..\zhou_yb\application\idcard\IDCardDevAdapter.h">
      <Filter>头文件\application\idcard</Filter>
    </ClInclude>
    <ClInclude Include="..\zhou_yb\extension\ability\JavaIInteractiveTransInvoker.h">
      <Filter>头文件\extension\ability</Filter>
    </ClInclude>
    <ClInclude Include="..\zhou_yb\extension\ability\logger\FolderLogger.h">
      <Filter>头文件\extension\ability\logger</Filter>
    </ClInclude>
    <ClInclude Include="..\zhou_yb\application\lc\lc_lib.h">
      <Filter>头文件\application\lc</Filter>
    </ClInclude>
    <ClInclude Include="..\zhou_yb\application\lc\lc_src.h">
      <Filter>头文件\application\lc</Filter>
    </ClInclude>
    <ClInclude Include="..\zhou_yb\application\lc\inc\LC_ComToCCID_CmdAdapter.h">
      <Filter>头文件\application\lc\inc</Filter>
    </ClInclude>
    <ClInclude Include="..\zhou_yb\application\lc\inc\LC_Provider.h">
      <Filter>头文件\application\lc\inc</Filter>
    </ClInclude>
    <ClInclude Include="..\zhou_yb\application\lc\inc\LC_ReaderDevAdapter.h">
      <Filter>头文件\application\lc\inc</Filter>
    </ClInclude>
    <ClInclude Include="..\zhou_yb\application\device\BluetoothAT_DevAdapter.h">
      <Filter>头文件\application\deivce</Filter>
    </ClInclude>
    <ClInclude Include="..\zhou_yb\base_device\win32\ComDevice.h">
      <Filter>头文件\base_device\win32</Filter>
    </ClInclude>
    <ClInclude Include="..\zhou_yb\base_device\win32\HidDevice.h">
      <Filter>头文件\base_device\win32</Filter>
    </ClInclude>
    <ClInclude Include="..\zhou_yb\base_device\win32\FileDevice.h">
      <Filter>头文件\base_device\win32</Filter>
    </ClInclude>
    <ClInclude Include="..\zhou_yb\base_device\win32\WinHandler.h">
      <Filter>头文件\base_device\win32</Filter>
    </ClInclude>
    <ClInclude Include="..\zhou_yb\base_device\Handler.h">
      <Filter>头文件\base_device</Filter>
    </ClInclude>
    <ClInclude Include="..\zhou_yb\device\cmd_adapter\HidCmdAdapter.h">
      <Filter>头文件\device\cmd_adapter</Filter>
    </ClInclude>
    <ClInclude Include="..\zhou_yb\base_device\win32\UsbDevice.h">
      <Filter>头文件\base_device\win32</Filter>
    </ClInclude>
    <ClInclude Include="..\zhou_yb\application\updater\DevUpdater.h">
      <Filter>头文件\application\updater</Filter>
    </ClInclude>
    <ClInclude Include="..\zhou_yb\application\updater\DevUpdaterConvert.h">
      <Filter>头文件\application\updater</Filter>
    </ClInclude>
    <ClInclude Include="..\zhou_yb\application\updater\dev_updater\COM_IC_DevUpdater.h">
      <Filter>头文件\application\updater\dev_updater</Filter>
    </ClInclude>
    <ClInclude Include="..\zhou_yb\application\updater\dev_updater\BluetoothToCOM_IC_DevUpdater.h">
      <Filter>头文件\application\updater\dev_updater</Filter>
    </ClInclude>
    <ClInclude Include="..\zhou_yb\application\updater\dev_updater\CCID_DevUpdater.h">
      <Filter>头文件\application\updater\dev_updater</Filter>
    </ClInclude>
    <ClInclude Include="..\zhou_yb\application\updater\dev_updater\CMB_IC_DevUpdater.h">
      <Filter>头文件\application\updater\dev_updater</Filter>
    </ClInclude>
    <ClInclude Include="..\zhou_yb\application\updater\dev_updater\HID_IC_DevUpdater.h">
      <Filter>头文件\application\updater\dev_updater</Filter>
    </ClInclude>
    <ClInclude Include="..\zhou_yb\application\tools\Detector.h">
      <Filter>头文件\application\tools</Filter>
    </ClInclude>
    <ClInclude Include="..\zhou_yb\application\tools\ParamHelper.h">
      <Filter>头文件\application\tools</Filter>
    </ClInclude>
    <ClInclude Include="..\zhou_yb\base\ArgParser.h">
      <Filter>头文件\base</Filter>
    </ClInclude>
    <ClInclude Include="..\zhou_yb\device\iccard\pboc\base\TlvEditor.h">
      <Filter>头文件\device\iccard\pboc\base</Filter>
    </ClInclude>
    <ClInclude Include="..\zhou_yb\device\iccard\pboc\base\TlvElement.h">
      <Filter>头文件\device\iccard\pboc\base</Filter>
    </ClInclude>
    <ClInclude Include="..\zhou_yb\application\lc\inc\LC_CCID_ReaderDevAdapter.h">
      <Filter>头文件\application\lc\inc</Filter>
    </ClInclude>
    <ClInclude Include="..\zhou_yb\application\lc\inc\LC_ComStreamCmdAdapter.h">
      <Filter>头文件\application\lc\inc</Filter>
    </ClInclude>
    <ClInclude Include="..\zhou_yb\application\iccard\BOC_ComICCardDevAdapter.h">
      <Filter>头文件\application\iccard</Filter>
    </ClInclude>
    <ClInclude Include="..\zhou_yb\application\test_frame\linker\WinBluetoothTestLinker.h">
      <Filter>头文件\application\test_frame\linker</Filter>
    </ClInclude>
    <ClInclude Include="..\zhou_yb\application\tools\IconvAppConvert.h">
      <Filter>头文件\application\tools</Filter>
    </ClInclude>
    <ClInclude Include="..\zhou_yb\application\tools\IConverter.h">
      <Filter>头文件\application\tools</Filter>
    </ClInclude>
    <ClInclude Include="..\zhou_yb\application\tools\ITestModule.h">
      <Filter>头文件\application\tools</Filter>
    </ClInclude>
    <ClInclude Include="..\zhou_yb\extension\python\pyTest\pyInvoker.h">
      <Filter>头文件\extension\python\pyTest</Filter>
    </ClInclude>
    <ClInclude Include="..\zhou_yb\application\driver\BP8903_Driver.h">
      <Filter>头文件\application\driver</Filter>
    </ClInclude>
    <ClInclude Include="..\zhou_yb\application\driver\H002_Driver.h">
      <Filter>头文件\application\driver</Filter>
    </ClInclude>
    <ClInclude Include="..\zhou_yb\application\device\H002_ReaderDevAdapter.h">
      <Filter>头文件\application\deivce</Filter>
    </ClInclude>
    <ClInclude Include="..\zhou_yb\extension\python\pyTest\pyBaseDevice.h">
      <Filter>头文件\extension\python\pyTest</Filter>
    </ClInclude>
    <ClInclude Include="..\zhou_yb\extension\python\pyTest\pyDevice.h">
      <Filter>头文件\extension\python\pyTest</Filter>
    </ClInclude>
    <ClInclude Include="..\zhou_yb\extension\python\pyTest\pyTools.h">
      <Filter>头文件\extension\python\pyTest</Filter>
    </ClInclude>
  </ItemGroup>
  <ItemGroup>
    <ClCompile Include="..\zhou_yb\src\base\Convert.cpp">
      <Filter>头文件\src\base</Filter>
    </ClCompile>
    <ClCompile Include="..\zhou_yb\src\base\Logger.cpp">
      <Filter>头文件\src\base</Filter>
    </ClCompile>
    <ClCompile Include="..\zhou_yb\src\device\ComICCardCmdAdapter.cpp">
      <Filter>头文件\src\device</Filter>
    </ClCompile>
    <ClCompile Include="..\zhou_yb\src\device\ComICCardDevAdapter.cpp">
      <Filter>头文件\src\device</Filter>
    </ClCompile>
    <ClCompile Include="..\zhou_yb\src\device\ComStorageCardDevAdapter.cpp">
      <Filter>头文件\src\device</Filter>
    </ClCompile>
    <ClCompile Include="Test.cpp">
      <Filter>源文件</Filter>
    </ClCompile>
    <ClCompile Include="..\zhou_yb\src\base_device\CCID_Device.cpp">
      <Filter>头文件\src\base_device</Filter>
    </ClCompile>
    <ClCompile Include="..\zhou_yb\src\extension\WinRegistryKey.cpp">
      <Filter>头文件\src\extension\ability</Filter>
    </ClCompile>
    <ClCompile Include="..\zhou_yb\src\extension\WmiInvoker.cpp">
      <Filter>头文件\src\extension\ability</Filter>
    </ClCompile>
    <ClCompile Include="..\zhou_yb\src\device\IDCardCharsetConvert.cpp">
      <Filter>头文件\src\device</Filter>
    </ClCompile>
    <ClCompile Include="..\zhou_yb\application\pboc\pboc_app.cpp">
      <Filter>头文件\application\pboc</Filter>
    </ClCompile>
    <ClCompile Include="..\zhou_yb\src\device\PBOC_v2_0_TagMap.cpp">
      <Filter>头文件\src\device</Filter>
    </ClCompile>
    <ClCompile Include="..\zhou_yb\src\device\HealthCardAppAdapter.cpp">
      <Filter>头文件\src\device</Filter>
    </ClCompile>
    <ClCompile Include="..\zhou_yb\src\device\SdtApiDevAdapter.cpp">
      <Filter>头文件\src\device</Filter>
    </ClCompile>
    <ClCompile Include="..\zhou_yb\src\device\IDCardParser.cpp">
      <Filter>头文件\src\device</Filter>
    </ClCompile>
    <ClCompile Include="..\zhou_yb\src\extension\DES_Provider.cpp">
      <Filter>头文件\src\extension\security</Filter>
    </ClCompile>
    <ClCompile Include="..\zhou_yb\src\extension\MD5_Provider.cpp">
      <Filter>头文件\src\extension\security</Filter>
    </ClCompile>
    <ClCompile Include="..\zhou_yb\src\extension\Base64_Provider.cpp">
      <Filter>头文件\src\extension\security</Filter>
    </ClCompile>
    <ClCompile Include="..\zhou_yb\src\extension\SM3_Provider.cpp">
      <Filter>头文件\src\extension\security</Filter>
    </ClCompile>
    <ClCompile Include="..\zhou_yb\src\extension\SM4_Provider.cpp">
      <Filter>头文件\src\extension\security</Filter>
    </ClCompile>
    <ClCompile Include="..\zhou_yb\src\container\ini.cpp">
      <Filter>头文件\src\container</Filter>
    </ClCompile>
    <ClCompile Include="..\zhou_yb\src\allocator.cpp">
      <Filter>头文件\src\container</Filter>
    </ClCompile>
    <ClCompile Include="..\zhou_yb\xml\tinyxml\tinystr.cpp">
      <Filter>头文件\xml\tinyxml</Filter>
    </ClCompile>
    <ClCompile Include="..\zhou_yb\xml\tinyxml\tinyxml.cpp">
      <Filter>头文件\xml\tinyxml</Filter>
    </ClCompile>
    <ClCompile Include="..\zhou_yb\xml\tinyxml\tinyxmlerror.cpp">
      <Filter>头文件\xml\tinyxml</Filter>
    </ClCompile>
    <ClCompile Include="..\zhou_yb\xml\tinyxml\tinyxmlparser.cpp">
      <Filter>头文件\xml\tinyxml</Filter>
    </ClCompile>
    <ClCompile Include="..\zhou_yb\src\base_device\linux\UsbDevice.cpp">
      <Filter>头文件\src\base_device\linux</Filter>
    </ClCompile>
    <ClCompile Include="..\zhou_yb\src\base_device\win32\BluetoothDevice.cpp">
      <Filter>头文件\src\base_device\win32</Filter>
    </ClCompile>
    <ClCompile Include="..\zhou_yb\src\device\MagneticDevAdapter.cpp">
      <Filter>头文件\src\device</Filter>
    </ClCompile>
    <ClCompile Include="..\zhou_yb\src\base_device\win32\SocketDevice.cpp">
      <Filter>头文件\src\base_device\win32</Filter>
    </ClCompile>
    <ClCompile Include="..\zhou_yb\src\base_device\win32\FileDevice.cpp">
      <Filter>头文件\src\base_device\win32</Filter>
    </ClCompile>
    <ClCompile Include="..\zhou_yb\src\base\ArgParser.cpp">
      <Filter>头文件\src\base</Filter>
    </ClCompile>
    <ClCompile Include="..\zhou_yb\src\device\TlvElement.cpp">
      <Filter>头文件\src\device</Filter>
    </ClCompile>
    <ClCompile Include="..\zhou_yb\application\lc\src\LC_ComStreamCmdAdapter.cpp">
      <Filter>头文件\application\lc\src</Filter>
    </ClCompile>
  </ItemGroup>
</Project>